
Microsoft Visual Studio Solution File, Format Version 12.00
# Visual Studio 15
VisualStudioVersion = 15.0.28307.1145
MinimumVisualStudioVersion = 10.0.40219.1
Project("{8BC9CEB8-8B4A-11D0-8D11-00A0C91BC942}") = "MinimalTree4-2", "MinimalTree4-2\MinimalTree4-2.vcxproj", "{ABB1CC7F-131C-40DA-8BFE-8913F4F86A38}"
EndProject
Global
	GlobalSection(SolutionConfigurationPlatforms) = preSolution
		Debug|x64 = Debug|x64
		Debug|x86 = Debug|x86
		Release|x64 = Release|x64
		Release|x86 = Release|x86
	EndGlobalSection
	GlobalSection(ProjectConfigurationPlatforms) = postSolution
		{ABB1CC7F-131C-40DA-8BFE-8913F4F86A38}.Debug|x64.ActiveCfg = Debug|x64
		{ABB1CC7F-131C-40DA-8BFE-8913F4F86A38}.Debug|x64.Build.0 = Debug|x64
		{ABB1CC7F-131C-40DA-8BFE-8913F4F86A38}.Debug|x86.ActiveCfg = Debug|Win32
		{ABB1CC7F-131C-40DA-8BFE-8913F4F86A38}.Debug|x86.Build.0 = Debug|Win32
		{ABB1CC7F-131C-40DA-8BFE-8913F4F86A38}.Release|x64.ActiveCfg = Release|x64
		{ABB1CC7F-131C-40DA-8BFE-8913F4F86A38}.Release|x64.Build.0 = Release|x64
		{ABB1CC7F-131C-40DA-8BFE-8913F4F86A38}.Release|x86.ActiveCfg = Release|Win32
		{ABB1CC7F-131C-40DA-8BFE-8913F4F86A38}.Release|x86.Build.0 = Release|Win32
	EndGlobalSection
	GlobalSection(SolutionProperties) = preSolution
		HideSolutionNode = FALSE
	EndGlobalSection
	GlobalSection(ExtensibilityGlobals) = postSolution
		SolutionGuid = {988435FD-F032-45F8-83D6-174258A4A167}
	EndGlobalSection
EndGlobal
