
Microsoft Visual Studio Solution File, Format Version 12.00
# Visual Studio 15
VisualStudioVersion = 15.0.28307.1145
MinimumVisualStudioVersion = 10.0.40219.1
Project("{8BC9CEB8-8B4A-11D0-8D11-00A0C91BC942}") = "PermutationsWithoutDup8-7", "PermutationsWithoutDup8-7\PermutationsWithoutDup8-7.vcxproj", "{7098FEF1-7A73-4061-96CC-8657440E6623}"
EndProject
Global
	GlobalSection(SolutionConfigurationPlatforms) = preSolution
		Debug|x64 = Debug|x64
		Debug|x86 = Debug|x86
		Release|x64 = Release|x64
		Release|x86 = Release|x86
	EndGlobalSection
	GlobalSection(ProjectConfigurationPlatforms) = postSolution
		{7098FEF1-7A73-4061-96CC-8657440E6623}.Debug|x64.ActiveCfg = Debug|x64
		{7098FEF1-7A73-4061-96CC-8657440E6623}.Debug|x64.Build.0 = Debug|x64
		{7098FEF1-7A73-4061-96CC-8657440E6623}.Debug|x86.ActiveCfg = Debug|Win32
		{7098FEF1-7A73-4061-96CC-8657440E6623}.Debug|x86.Build.0 = Debug|Win32
		{7098FEF1-7A73-4061-96CC-8657440E6623}.Release|x64.ActiveCfg = Release|x64
		{7098FEF1-7A73-4061-96CC-8657440E6623}.Release|x64.Build.0 = Release|x64
		{7098FEF1-7A73-4061-96CC-8657440E6623}.Release|x86.ActiveCfg = Release|Win32
		{7098FEF1-7A73-4061-96CC-8657440E6623}.Release|x86.Build.0 = Release|Win32
	EndGlobalSection
	GlobalSection(SolutionProperties) = preSolution
		HideSolutionNode = FALSE
	EndGlobalSection
	GlobalSection(ExtensibilityGlobals) = postSolution
		SolutionGuid = {BF84F9C5-665C-4140-8C3F-B29BD34E1789}
	EndGlobalSection
EndGlobal
